{
  "version": "3",
  "packages": {
    "specifiers": {
      "npm:@vitejs/plugin-vue@^4.5.2": "npm:@vitejs/plugin-vue@4.6.2_vite@5.1.5_vue@3.4.21",
      "npm:@vitejs/plugin-vue@latest": "npm:@vitejs/plugin-vue@5.0.4_vite@5.1.5_vue@3.4.21",
      "npm:@vue/tsconfig": "npm:@vue/tsconfig@0.5.1",
      "npm:@vue/tsconfig@latest": "npm:@vue/tsconfig@0.5.1",
      "npm:vite": "npm:vite@5.1.5",
      "npm:vite@^5.0.10": "npm:vite@5.1.5",
      "npm:vue@^3.3.13": "npm:vue@3.4.21"
    },
    "npm": {
      "@babel/parser@7.24.0": {
        "integrity": "sha512-QuP/FxEAzMSjXygs8v4N9dvdXzEHN4W1oF3PxuWAtPo08UdM17u89RDMgjLn/mlc56iM0HlLmVkO/wgR+rDgHg==",
        "dependencies": {}
      },
      "@esbuild/aix-ppc64@0.19.12": {
        "integrity": "sha512-bmoCYyWdEL3wDQIVbcyzRyeKLgk2WtWLTWz1ZIAZF/EGbNOwSA6ew3PftJ1PqMiOOGu0OyFMzG53L0zqIpPeNA==",
        "dependencies": {}
      },
      "@esbuild/android-arm64@0.19.12": {
        "integrity": "sha512-P0UVNGIienjZv3f5zq0DP3Nt2IE/3plFzuaS96vihvD0Hd6H/q4WXUGpCxD/E8YrSXfNyRPbpTq+T8ZQioSuPA==",
        "dependencies": {}
      },
      "@esbuild/android-arm@0.19.12": {
        "integrity": "sha512-qg/Lj1mu3CdQlDEEiWrlC4eaPZ1KztwGJ9B6J+/6G+/4ewxJg7gqj8eVYWvao1bXrqGiW2rsBZFSX3q2lcW05w==",
        "dependencies": {}
      },
      "@esbuild/android-x64@0.19.12": {
        "integrity": "sha512-3k7ZoUW6Q6YqhdhIaq/WZ7HwBpnFBlW905Fa4s4qWJyiNOgT1dOqDiVAQFwBH7gBRZr17gLrlFCRzF6jFh7Kew==",
        "dependencies": {}
      },
      "@esbuild/darwin-arm64@0.19.12": {
        "integrity": "sha512-B6IeSgZgtEzGC42jsI+YYu9Z3HKRxp8ZT3cqhvliEHovq8HSX2YX8lNocDn79gCKJXOSaEot9MVYky7AKjCs8g==",
        "dependencies": {}
      },
      "@esbuild/darwin-x64@0.19.12": {
        "integrity": "sha512-hKoVkKzFiToTgn+41qGhsUJXFlIjxI/jSYeZf3ugemDYZldIXIxhvwN6erJGlX4t5h417iFuheZ7l+YVn05N3A==",
        "dependencies": {}
      },
      "@esbuild/freebsd-arm64@0.19.12": {
        "integrity": "sha512-4aRvFIXmwAcDBw9AueDQ2YnGmz5L6obe5kmPT8Vd+/+x/JMVKCgdcRwH6APrbpNXsPz+K653Qg8HB/oXvXVukA==",
        "dependencies": {}
      },
      "@esbuild/freebsd-x64@0.19.12": {
        "integrity": "sha512-EYoXZ4d8xtBoVN7CEwWY2IN4ho76xjYXqSXMNccFSx2lgqOG/1TBPW0yPx1bJZk94qu3tX0fycJeeQsKovA8gg==",
        "dependencies": {}
      },
      "@esbuild/linux-arm64@0.19.12": {
        "integrity": "sha512-EoTjyYyLuVPfdPLsGVVVC8a0p1BFFvtpQDB/YLEhaXyf/5bczaGeN15QkR+O4S5LeJ92Tqotve7i1jn35qwvdA==",
        "dependencies": {}
      },
      "@esbuild/linux-arm@0.19.12": {
        "integrity": "sha512-J5jPms//KhSNv+LO1S1TX1UWp1ucM6N6XuL6ITdKWElCu8wXP72l9MM0zDTzzeikVyqFE6U8YAV9/tFyj0ti+w==",
        "dependencies": {}
      },
      "@esbuild/linux-ia32@0.19.12": {
        "integrity": "sha512-Thsa42rrP1+UIGaWz47uydHSBOgTUnwBwNq59khgIwktK6x60Hivfbux9iNR0eHCHzOLjLMLfUMLCypBkZXMHA==",
        "dependencies": {}
      },
      "@esbuild/linux-loong64@0.19.12": {
        "integrity": "sha512-LiXdXA0s3IqRRjm6rV6XaWATScKAXjI4R4LoDlvO7+yQqFdlr1Bax62sRwkVvRIrwXxvtYEHHI4dm50jAXkuAA==",
        "dependencies": {}
      },
      "@esbuild/linux-mips64el@0.19.12": {
        "integrity": "sha512-fEnAuj5VGTanfJ07ff0gOA6IPsvrVHLVb6Lyd1g2/ed67oU1eFzL0r9WL7ZzscD+/N6i3dWumGE1Un4f7Amf+w==",
        "dependencies": {}
      },
      "@esbuild/linux-ppc64@0.19.12": {
        "integrity": "sha512-nYJA2/QPimDQOh1rKWedNOe3Gfc8PabU7HT3iXWtNUbRzXS9+vgB0Fjaqr//XNbd82mCxHzik2qotuI89cfixg==",
        "dependencies": {}
      },
      "@esbuild/linux-riscv64@0.19.12": {
        "integrity": "sha512-2MueBrlPQCw5dVJJpQdUYgeqIzDQgw3QtiAHUC4RBz9FXPrskyyU3VI1hw7C0BSKB9OduwSJ79FTCqtGMWqJHg==",
        "dependencies": {}
      },
      "@esbuild/linux-s390x@0.19.12": {
        "integrity": "sha512-+Pil1Nv3Umes4m3AZKqA2anfhJiVmNCYkPchwFJNEJN5QxmTs1uzyy4TvmDrCRNT2ApwSari7ZIgrPeUx4UZDg==",
        "dependencies": {}
      },
      "@esbuild/linux-x64@0.19.12": {
        "integrity": "sha512-B71g1QpxfwBvNrfyJdVDexenDIt1CiDN1TIXLbhOw0KhJzE78KIFGX6OJ9MrtC0oOqMWf+0xop4qEU8JrJTwCg==",
        "dependencies": {}
      },
      "@esbuild/netbsd-x64@0.19.12": {
        "integrity": "sha512-3ltjQ7n1owJgFbuC61Oj++XhtzmymoCihNFgT84UAmJnxJfm4sYCiSLTXZtE00VWYpPMYc+ZQmB6xbSdVh0JWA==",
        "dependencies": {}
      },
      "@esbuild/openbsd-x64@0.19.12": {
        "integrity": "sha512-RbrfTB9SWsr0kWmb9srfF+L933uMDdu9BIzdA7os2t0TXhCRjrQyCeOt6wVxr79CKD4c+p+YhCj31HBkYcXebw==",
        "dependencies": {}
      },
      "@esbuild/sunos-x64@0.19.12": {
        "integrity": "sha512-HKjJwRrW8uWtCQnQOz9qcU3mUZhTUQvi56Q8DPTLLB+DawoiQdjsYq+j+D3s9I8VFtDr+F9CjgXKKC4ss89IeA==",
        "dependencies": {}
      },
      "@esbuild/win32-arm64@0.19.12": {
        "integrity": "sha512-URgtR1dJnmGvX864pn1B2YUYNzjmXkuJOIqG2HdU62MVS4EHpU2946OZoTMnRUHklGtJdJZ33QfzdjGACXhn1A==",
        "dependencies": {}
      },
      "@esbuild/win32-ia32@0.19.12": {
        "integrity": "sha512-+ZOE6pUkMOJfmxmBZElNOx72NKpIa/HFOMGzu8fqzQJ5kgf6aTGrcJaFsNiVMH4JKpMipyK+7k0n2UXN7a8YKQ==",
        "dependencies": {}
      },
      "@esbuild/win32-x64@0.19.12": {
        "integrity": "sha512-T1QyPSDCyMXaO3pzBkF96E8xMkiRYbUEZADd29SyPGabqxMViNoii+NcK7eWJAEoU6RZyEm5lVSIjTmcdoB9HA==",
        "dependencies": {}
      },
      "@jridgewell/sourcemap-codec@1.4.15": {
        "integrity": "sha512-eF2rxCRulEKXHTRiDrDy6erMYWqNw4LPdQ8UQA4huuxaQsVeRPFl2oM8oDGxMFhJUWZf9McpLtJasDDZb/Bpeg==",
        "dependencies": {}
      },
      "@rollup/rollup-android-arm-eabi@4.12.1": {
        "integrity": "sha512-iU2Sya8hNn1LhsYyf0N+L4Gf9Qc+9eBTJJJsaOGUp+7x4n2M9dxTt8UvhJl3oeftSjblSlpCfvjA/IfP3g5VjQ==",
        "dependencies": {}
      },
      "@rollup/rollup-android-arm64@4.12.1": {
        "integrity": "sha512-wlzcWiH2Ir7rdMELxFE5vuM7D6TsOcJ2Yw0c3vaBR3VOsJFVTx9xvwnAvhgU5Ii8Gd6+I11qNHwndDscIm0HXg==",
        "dependencies": {}
      },
      "@rollup/rollup-darwin-arm64@4.12.1": {
        "integrity": "sha512-YRXa1+aZIFN5BaImK+84B3uNK8C6+ynKLPgvn29X9s0LTVCByp54TB7tdSMHDR7GTV39bz1lOmlLDuedgTwwHg==",
        "dependencies": {}
      },
      "@rollup/rollup-darwin-x64@4.12.1": {
        "integrity": "sha512-opjWJ4MevxeA8FhlngQWPBOvVWYNPFkq6/25rGgG+KOy0r8clYwL1CFd+PGwRqqMFVQ4/Qd3sQu5t7ucP7C/Uw==",
        "dependencies": {}
      },
      "@rollup/rollup-linux-arm-gnueabihf@4.12.1": {
        "integrity": "sha512-uBkwaI+gBUlIe+EfbNnY5xNyXuhZbDSx2nzzW8tRMjUmpScd6lCQYKY2V9BATHtv5Ef2OBq6SChEP8h+/cxifQ==",
        "dependencies": {}
      },
      "@rollup/rollup-linux-arm64-gnu@4.12.1": {
        "integrity": "sha512-0bK9aG1kIg0Su7OcFTlexkVeNZ5IzEsnz1ept87a0TUgZ6HplSgkJAnFpEVRW7GRcikT4GlPV0pbtVedOaXHQQ==",
        "dependencies": {}
      },
      "@rollup/rollup-linux-arm64-musl@4.12.1": {
        "integrity": "sha512-qB6AFRXuP8bdkBI4D7UPUbE7OQf7u5OL+R94JE42Z2Qjmyj74FtDdLGeriRyBDhm4rQSvqAGCGC01b8Fu2LthQ==",
        "dependencies": {}
      },
      "@rollup/rollup-linux-riscv64-gnu@4.12.1": {
        "integrity": "sha512-sHig3LaGlpNgDj5o8uPEoGs98RII8HpNIqFtAI8/pYABO8i0nb1QzT0JDoXF/pxzqO+FkxvwkHZo9k0NJYDedg==",
        "dependencies": {}
      },
      "@rollup/rollup-linux-x64-gnu@4.12.1": {
        "integrity": "sha512-nD3YcUv6jBJbBNFvSbp0IV66+ba/1teuBcu+fBBPZ33sidxitc6ErhON3JNavaH8HlswhWMC3s5rgZpM4MtPqQ==",
        "dependencies": {}
      },
      "@rollup/rollup-linux-x64-musl@4.12.1": {
        "integrity": "sha512-7/XVZqgBby2qp/cO0TQ8uJK+9xnSdJ9ct6gSDdEr4MfABrjTyrW6Bau7HQ73a2a5tPB7hno49A0y1jhWGDN9OQ==",
        "dependencies": {}
      },
      "@rollup/rollup-win32-arm64-msvc@4.12.1": {
        "integrity": "sha512-CYc64bnICG42UPL7TrhIwsJW4QcKkIt9gGlj21gq3VV0LL6XNb1yAdHVp1pIi9gkts9gGcT3OfUYHjGP7ETAiw==",
        "dependencies": {}
      },
      "@rollup/rollup-win32-ia32-msvc@4.12.1": {
        "integrity": "sha512-LN+vnlZ9g0qlHGlS920GR4zFCqAwbv2lULrR29yGaWP9u7wF5L7GqWu9Ah6/kFZPXPUkpdZwd//TNR+9XC9hvA==",
        "dependencies": {}
      },
      "@rollup/rollup-win32-x64-msvc@4.12.1": {
        "integrity": "sha512-n+vkrSyphvmU0qkQ6QBNXCGr2mKjhP08mPRM/Xp5Ck2FV4NrHU+y6axzDeixUrCBHVUS51TZhjqrKBBsHLKb2Q==",
        "dependencies": {}
      },
      "@types/estree@1.0.5": {
        "integrity": "sha512-/kYRxGDLWzHOB7q+wtSUQlFrtcdUccpfy+X+9iMBpHK8QLLhx2wIPYuS5DYtR9Wa/YlZAbIovy7qVdB1Aq6Lyw==",
        "dependencies": {}
      },
      "@vitejs/plugin-vue@4.6.2_vite@5.1.5_vue@3.4.21": {
        "integrity": "sha512-kqf7SGFoG+80aZG6Pf+gsZIVvGSCKE98JbiWqcCV9cThtg91Jav0yvYFC9Zb+jKetNGF6ZKeoaxgZfND21fWKw==",
        "dependencies": {
          "vite": "vite@5.1.5",
          "vue": "vue@3.4.21"
        }
      },
      "@vitejs/plugin-vue@5.0.4_vite@5.1.5_vue@3.4.21": {
        "integrity": "sha512-WS3hevEszI6CEVEx28F8RjTX97k3KsrcY6kvTg7+Whm5y3oYvcqzVeGCU3hxSAn4uY2CLCkeokkGKpoctccilQ==",
        "dependencies": {
          "vite": "vite@5.1.5",
          "vue": "vue@3.4.21"
        }
      },
      "@vue/compiler-core@3.4.21": {
        "integrity": "sha512-MjXawxZf2SbZszLPYxaFCjxfibYrzr3eYbKxwpLR9EQN+oaziSu3qKVbwBERj1IFIB8OLUewxB5m/BFzi613og==",
        "dependencies": {
          "@babel/parser": "@babel/parser@7.24.0",
          "@vue/shared": "@vue/shared@3.4.21",
          "entities": "entities@4.5.0",
          "estree-walker": "estree-walker@2.0.2",
          "source-map-js": "source-map-js@1.0.2"
        }
      },
      "@vue/compiler-dom@3.4.21": {
        "integrity": "sha512-IZC6FKowtT1sl0CR5DpXSiEB5ayw75oT2bma1BEhV7RRR1+cfwLrxc2Z8Zq/RGFzJ8w5r9QtCOvTjQgdn0IKmA==",
        "dependencies": {
          "@vue/compiler-core": "@vue/compiler-core@3.4.21",
          "@vue/shared": "@vue/shared@3.4.21"
        }
      },
      "@vue/compiler-sfc@3.4.21": {
        "integrity": "sha512-me7epoTxYlY+2CUM7hy9PCDdpMPfIwrOvAXud2Upk10g4YLv9UBW7kL798TvMeDhPthkZ0CONNrK2GoeI1ODiQ==",
        "dependencies": {
          "@babel/parser": "@babel/parser@7.24.0",
          "@vue/compiler-core": "@vue/compiler-core@3.4.21",
          "@vue/compiler-dom": "@vue/compiler-dom@3.4.21",
          "@vue/compiler-ssr": "@vue/compiler-ssr@3.4.21",
          "@vue/shared": "@vue/shared@3.4.21",
          "estree-walker": "estree-walker@2.0.2",
          "magic-string": "magic-string@0.30.8",
          "postcss": "postcss@8.4.35",
          "source-map-js": "source-map-js@1.0.2"
        }
      },
      "@vue/compiler-ssr@3.4.21": {
        "integrity": "sha512-M5+9nI2lPpAsgXOGQobnIueVqc9sisBFexh5yMIMRAPYLa7+5wEJs8iqOZc1WAa9WQbx9GR2twgznU8LTIiZ4Q==",
        "dependencies": {
          "@vue/compiler-dom": "@vue/compiler-dom@3.4.21",
          "@vue/shared": "@vue/shared@3.4.21"
        }
      },
      "@vue/reactivity@3.4.21": {
        "integrity": "sha512-UhenImdc0L0/4ahGCyEzc/pZNwVgcglGy9HVzJ1Bq2Mm9qXOpP8RyNTjookw/gOCUlXSEtuZ2fUg5nrHcoqJcw==",
        "dependencies": {
          "@vue/shared": "@vue/shared@3.4.21"
        }
      },
      "@vue/runtime-core@3.4.21": {
        "integrity": "sha512-pQthsuYzE1XcGZznTKn73G0s14eCJcjaLvp3/DKeYWoFacD9glJoqlNBxt3W2c5S40t6CCcpPf+jG01N3ULyrA==",
        "dependencies": {
          "@vue/reactivity": "@vue/reactivity@3.4.21",
          "@vue/shared": "@vue/shared@3.4.21"
        }
      },
      "@vue/runtime-dom@3.4.21": {
        "integrity": "sha512-gvf+C9cFpevsQxbkRBS1NpU8CqxKw0ebqMvLwcGQrNpx6gqRDodqKqA+A2VZZpQ9RpK2f9yfg8VbW/EpdFUOJw==",
        "dependencies": {
          "@vue/runtime-core": "@vue/runtime-core@3.4.21",
          "@vue/shared": "@vue/shared@3.4.21",
          "csstype": "csstype@3.1.3"
        }
      },
      "@vue/server-renderer@3.4.21_vue@3.4.21": {
        "integrity": "sha512-aV1gXyKSN6Rz+6kZ6kr5+Ll14YzmIbeuWe7ryJl5muJ4uwSwY/aStXTixx76TwkZFJLm1aAlA/HSWEJ4EyiMkg==",
        "dependencies": {
          "@vue/compiler-ssr": "@vue/compiler-ssr@3.4.21",
          "@vue/shared": "@vue/shared@3.4.21",
          "vue": "vue@3.4.21"
        }
      },
      "@vue/shared@3.4.21": {
        "integrity": "sha512-PuJe7vDIi6VYSinuEbUIQgMIRZGgM8e4R+G+/dQTk0X1NEdvgvvgv7m+rfmDH1gZzyA1OjjoWskvHlfRNfQf3g==",
        "dependencies": {}
      },
      "@vue/tsconfig@0.5.1": {
        "integrity": "sha512-VcZK7MvpjuTPx2w6blwnwZAu5/LgBUtejFOi3pPGQFXQN5Ela03FUtd2Qtg4yWGGissVL0dr6Ro1LfOFh+PCuQ==",
        "dependencies": {}
      },
      "csstype@3.1.3": {
        "integrity": "sha512-M1uQkMl8rQK/szD0LNhtqxIPLpimGm8sOBwU7lLnCpSbTyY3yeU1Vc7l4KT5zT4s/yOxHH5O7tIuuLOCnLADRw==",
        "dependencies": {}
      },
      "entities@4.5.0": {
        "integrity": "sha512-V0hjH4dGPh9Ao5p0MoRY6BVqtwCjhz6vI5LT8AJ55H+4g9/4vbHx1I54fS0XuclLhDHArPQCiMjDxjaL8fPxhw==",
        "dependencies": {}
      },
      "esbuild@0.19.12": {
        "integrity": "sha512-aARqgq8roFBj054KvQr5f1sFu0D65G+miZRCuJyJ0G13Zwx7vRar5Zhn2tkQNzIXcBrNVsv/8stehpj+GAjgbg==",
        "dependencies": {
          "@esbuild/aix-ppc64": "@esbuild/aix-ppc64@0.19.12",
          "@esbuild/android-arm": "@esbuild/android-arm@0.19.12",
          "@esbuild/android-arm64": "@esbuild/android-arm64@0.19.12",
          "@esbuild/android-x64": "@esbuild/android-x64@0.19.12",
          "@esbuild/darwin-arm64": "@esbuild/darwin-arm64@0.19.12",
          "@esbuild/darwin-x64": "@esbuild/darwin-x64@0.19.12",
          "@esbuild/freebsd-arm64": "@esbuild/freebsd-arm64@0.19.12",
          "@esbuild/freebsd-x64": "@esbuild/freebsd-x64@0.19.12",
          "@esbuild/linux-arm": "@esbuild/linux-arm@0.19.12",
          "@esbuild/linux-arm64": "@esbuild/linux-arm64@0.19.12",
          "@esbuild/linux-ia32": "@esbuild/linux-ia32@0.19.12",
          "@esbuild/linux-loong64": "@esbuild/linux-loong64@0.19.12",
          "@esbuild/linux-mips64el": "@esbuild/linux-mips64el@0.19.12",
          "@esbuild/linux-ppc64": "@esbuild/linux-ppc64@0.19.12",
          "@esbuild/linux-riscv64": "@esbuild/linux-riscv64@0.19.12",
          "@esbuild/linux-s390x": "@esbuild/linux-s390x@0.19.12",
          "@esbuild/linux-x64": "@esbuild/linux-x64@0.19.12",
          "@esbuild/netbsd-x64": "@esbuild/netbsd-x64@0.19.12",
          "@esbuild/openbsd-x64": "@esbuild/openbsd-x64@0.19.12",
          "@esbuild/sunos-x64": "@esbuild/sunos-x64@0.19.12",
          "@esbuild/win32-arm64": "@esbuild/win32-arm64@0.19.12",
          "@esbuild/win32-ia32": "@esbuild/win32-ia32@0.19.12",
          "@esbuild/win32-x64": "@esbuild/win32-x64@0.19.12"
        }
      },
      "estree-walker@2.0.2": {
        "integrity": "sha512-Rfkk/Mp/DL7JVje3u18FxFujQlTNR2q6QfMSMB7AvCBx91NGj/ba3kCfza0f6dVDbw7YlRf/nDrn7pQrCCyQ/w==",
        "dependencies": {}
      },
      "fsevents@2.3.3": {
        "integrity": "sha512-5xoDfX+fL7faATnagmWPpbFtwh/R77WmMMqqHGS65C3vvB0YHrgF+B1YmZ3441tMj5n63k0212XNoJwzlhffQw==",
        "dependencies": {}
      },
      "magic-string@0.30.8": {
        "integrity": "sha512-ISQTe55T2ao7XtlAStud6qwYPZjE4GK1S/BeVPus4jrq6JuOnQ00YKQC581RWhR122W7msZV263KzVeLoqidyQ==",
        "dependencies": {
          "@jridgewell/sourcemap-codec": "@jridgewell/sourcemap-codec@1.4.15"
        }
      },
      "nanoid@3.3.7": {
        "integrity": "sha512-eSRppjcPIatRIMC1U6UngP8XFcz8MQWGQdt1MTBQ7NaAmvXDfvNxbvWV3x2y6CdEUciCSsDHDQZbhYaB8QEo2g==",
        "dependencies": {}
      },
      "picocolors@1.0.0": {
        "integrity": "sha512-1fygroTLlHu66zi26VoTDv8yRgm0Fccecssto+MhsZ0D/DGW2sm8E8AjW7NU5VVTRt5GxbeZ5qBuJr+HyLYkjQ==",
        "dependencies": {}
      },
      "postcss@8.4.35": {
        "integrity": "sha512-u5U8qYpBCpN13BsiEB0CbR1Hhh4Gc0zLFuedrHJKMctHCHAGrMdG0PRM/KErzAL3CU6/eckEtmHNB3x6e3c0vA==",
        "dependencies": {
          "nanoid": "nanoid@3.3.7",
          "picocolors": "picocolors@1.0.0",
          "source-map-js": "source-map-js@1.0.2"
        }
      },
      "rollup@4.12.1": {
        "integrity": "sha512-ggqQKvx/PsB0FaWXhIvVkSWh7a/PCLQAsMjBc+nA2M8Rv2/HG0X6zvixAB7KyZBRtifBUhy5k8voQX/mRnABPg==",
        "dependencies": {
          "@rollup/rollup-android-arm-eabi": "@rollup/rollup-android-arm-eabi@4.12.1",
          "@rollup/rollup-android-arm64": "@rollup/rollup-android-arm64@4.12.1",
          "@rollup/rollup-darwin-arm64": "@rollup/rollup-darwin-arm64@4.12.1",
          "@rollup/rollup-darwin-x64": "@rollup/rollup-darwin-x64@4.12.1",
          "@rollup/rollup-linux-arm-gnueabihf": "@rollup/rollup-linux-arm-gnueabihf@4.12.1",
          "@rollup/rollup-linux-arm64-gnu": "@rollup/rollup-linux-arm64-gnu@4.12.1",
          "@rollup/rollup-linux-arm64-musl": "@rollup/rollup-linux-arm64-musl@4.12.1",
          "@rollup/rollup-linux-riscv64-gnu": "@rollup/rollup-linux-riscv64-gnu@4.12.1",
          "@rollup/rollup-linux-x64-gnu": "@rollup/rollup-linux-x64-gnu@4.12.1",
          "@rollup/rollup-linux-x64-musl": "@rollup/rollup-linux-x64-musl@4.12.1",
          "@rollup/rollup-win32-arm64-msvc": "@rollup/rollup-win32-arm64-msvc@4.12.1",
          "@rollup/rollup-win32-ia32-msvc": "@rollup/rollup-win32-ia32-msvc@4.12.1",
          "@rollup/rollup-win32-x64-msvc": "@rollup/rollup-win32-x64-msvc@4.12.1",
          "@types/estree": "@types/estree@1.0.5",
          "fsevents": "fsevents@2.3.3"
        }
      },
      "source-map-js@1.0.2": {
        "integrity": "sha512-R0XvVJ9WusLiqTCEiGCmICCMplcCkIwwR11mOSD9CR5u+IXYdiseeEuXCVAjS54zqwkLcPNnmU4OeJ6tUrWhDw==",
        "dependencies": {}
      },
      "vite@5.1.5": {
        "integrity": "sha512-BdN1xh0Of/oQafhU+FvopafUp6WaYenLU/NFoL5WyJL++GxkNfieKzBhM24H3HVsPQrlAqB7iJYTHabzaRed5Q==",
        "dependencies": {
          "esbuild": "esbuild@0.19.12",
          "fsevents": "fsevents@2.3.3",
          "postcss": "postcss@8.4.35",
          "rollup": "rollup@4.12.1"
        }
      },
      "vue@3.4.21": {
        "integrity": "sha512-5hjyV/jLEIKD/jYl4cavMcnzKwjMKohureP8ejn3hhEjwhWIhWeuzL2kJAjzl/WyVsgPY56Sy4Z40C3lVshxXA==",
        "dependencies": {
          "@vue/compiler-dom": "@vue/compiler-dom@3.4.21",
          "@vue/compiler-sfc": "@vue/compiler-sfc@3.4.21",
          "@vue/runtime-dom": "@vue/runtime-dom@3.4.21",
          "@vue/server-renderer": "@vue/server-renderer@3.4.21_vue@3.4.21",
          "@vue/shared": "@vue/shared@3.4.21"
        }
      }
    }
  },
  "remote": {
    "https://deno.land/x/hono@v4.0.10/client/client.ts": "9aa632e0df3bb1e10081a29577117c92b65f27252c56d2474ddba2113f584848",
    "https://deno.land/x/hono@v4.0.10/client/index.ts": "30def535310a37bede261f1b23d11a9758983b8e9d60a6c56309cee5f6746ab2",
    "https://deno.land/x/hono@v4.0.10/client/utils.ts": "b61b11614aa976e4b6f829642528bd78bf8d19a72aa57426e40eb21507a69c0a",
    "https://deno.land/x/hono@v4.0.10/compose.ts": "37d6e33b7db80e4c43a0629b12fd3a1e3406e7d9e62a4bfad4b30426ea7ae4f1",
    "https://deno.land/x/hono@v4.0.10/context.ts": "2c6b270ca580a46335d04bb5aac39ac13d00e7e4910f54deba446c0a93f0401f",
    "https://deno.land/x/hono@v4.0.10/helper/cookie/index.ts": "9adc57af5723f16d52ec1162838ac3c77dc2c8b9e216762e7c68106c7468cc77",
    "https://deno.land/x/hono@v4.0.10/hono-base.ts": "d3323a4668796cd56b9061ad34f2fa12a3c52178890cfffe27bd077e263c0ab7",
    "https://deno.land/x/hono@v4.0.10/hono.ts": "23edd0140bf0bd5a68c14ae96e5856a5cec6b844277e853b91025e91ea74f416",
    "https://deno.land/x/hono@v4.0.10/http-exception.ts": "0dc357bbf1510f59cdfc35aad569df97e5652f7406f0693437fe140383d8d9c0",
    "https://deno.land/x/hono@v4.0.10/middleware/cors/index.ts": "69e208e2bfd6345f14892e59ea817818373b3ebd74163177d687cd47ddbe1f6c",
    "https://deno.land/x/hono@v4.0.10/mod.ts": "90114a97be9111b348129ad0143e764a64921f60dd03b8f3da529db98a0d3a82",
    "https://deno.land/x/hono@v4.0.10/request.ts": "9c8061eaf4373aa122a77d1aa8e888397425bc5d78bc17c87a2c861375c4f0b3",
    "https://deno.land/x/hono@v4.0.10/router.ts": "880316f561918fc197481755aac2165fdbe2f530b925c5357a9f98d6e2cc85c7",
    "https://deno.land/x/hono@v4.0.10/router/linear-router/index.ts": "8a2a7144c50b1f4a92d9ee99c2c396716af144c868e10608255f969695efccd0",
    "https://deno.land/x/hono@v4.0.10/router/linear-router/router.ts": "9f8b82c2ba63aebafa58e2e0256490d34d254ebbe8a57ca9ce3ba23709bece3a",
    "https://deno.land/x/hono@v4.0.10/router/pattern-router/index.ts": "304a66c50e243872037ed41c7dd79ed0c89d815e17e172e7ad7cdc4bc07d3383",
    "https://deno.land/x/hono@v4.0.10/router/pattern-router/router.ts": "e42b3c45545da9120f4ac9cb333eed6f230ed5cee3fa52949d2c577a37517046",
    "https://deno.land/x/hono@v4.0.10/router/reg-exp-router/index.ts": "52755829213941756159b7a963097bafde5cc4fc22b13b1c7c9184dc0512d1db",
    "https://deno.land/x/hono@v4.0.10/router/reg-exp-router/node.ts": "5b3fb80411db04c65df066e69fedb2c8c0844753c2633d703336de84d569252c",
    "https://deno.land/x/hono@v4.0.10/router/reg-exp-router/router.ts": "558ab9c2d2d10d4023d80026fd976a17b56dc853df7f1acd171b78c00507ce11",
    "https://deno.land/x/hono@v4.0.10/router/reg-exp-router/trie.ts": "852ce7207e6701e47fa30889a0d2b8bfcd56d8862c97e7bc9831e0a64bd8835f",
    "https://deno.land/x/hono@v4.0.10/router/smart-router/index.ts": "74f9b4fe15ea535900f2b9b048581915f12fe94e531dd2b0032f5610e61c3bef",
    "https://deno.land/x/hono@v4.0.10/router/smart-router/router.ts": "f1848a2a1eefa316a11853ae12e749552747771fb8a11fe713ae04ea6461140b",
    "https://deno.land/x/hono@v4.0.10/router/trie-router/index.ts": "3eb75e7f71ba81801631b30de6b1f5cefb2c7239c03797e2b2cbab5085911b41",
    "https://deno.land/x/hono@v4.0.10/router/trie-router/node.ts": "04d2eac912cc367b95545ce10d889134fc37be74ca729a7f0772970f37b29d11",
    "https://deno.land/x/hono@v4.0.10/router/trie-router/router.ts": "54ced78d35676302c8fcdda4204f7bdf5a7cc907fbf9967c75674b1e394f830d",
    "https://deno.land/x/hono@v4.0.10/utils/body.ts": "1c7013f83bbef8216b3d862111efd5a183eaa29e86decf9a7eec6cdf25757e93",
    "https://deno.land/x/hono@v4.0.10/utils/buffer.ts": "9066a973e64498cb262c7e932f47eed525a51677b17f90893862b7279dc0773e",
    "https://deno.land/x/hono@v4.0.10/utils/cookie.ts": "a8d61878bc6eb338d17758e2b5b47512ac1ced8d824fd4ff7b637b091cc7b28f",
    "https://deno.land/x/hono@v4.0.10/utils/crypto.ts": "bda0e141bbe46d3a4a20f8fbcb6380d473b617123d9fdfa93e4499410b537acc",
    "https://deno.land/x/hono@v4.0.10/utils/html.ts": "6ea4f6bf41587a51607dff7a6d2865ef4d5001e4203b07e5c8a45b63a098e871",
    "https://deno.land/x/hono@v4.0.10/utils/url.ts": "d9d307a495e7dfc6e916fbcfa74c2d8d23e8e685bddc5e6ebc9c0f784345a01a",
    "https://deno.land/x/hono@v4.0.10/validator/index.ts": "6c986e8b91dcf857ecc8164a506ae8eea8665792a4ff7215471df669c632ae7c",
    "https://deno.land/x/hono@v4.0.10/validator/validator.ts": "d80db93f84bce6406feac5d157cb97ee69242498d0dbec4568cb5df1a844bf0f",
    "https://raw.githubusercontent.com/vuejs/tsconfig/main/tsconfig.dom.json": "51c8ca2010cc11a062f0af9bcbe0e40f93d2a09681041ffc803ea6b7cc73fdbf"
  }
}
